// !$*UTF8*$!
{
	archiveVersion = 1;
	classes = {
	};
	objectVersion = 46;
	objects = {

/* Begin PBXBuildFile section */
		39D7F1491D88BFAF004E7781 /* main.m in Sources */ = {isa = PBXBuildFile; fileRef = 39D7F1481D88BFAF004E7781 /* main.m */; };
		39D7F14C1D88BFAF004E7781 /* AppDelegate.m in Sources */ = {isa = PBXBuildFile; fileRef = 39D7F14B1D88BFAF004E7781 /* AppDelegate.m */; };
		39D7F14F1D88BFAF004E7781 /* ViewController.m in Sources */ = {isa = PBXBuildFile; fileRef = 39D7F14E1D88BFAF004E7781 /* ViewController.m */; };
		39D7F1521D88BFAF004E7781 /* Main.storyboard in Resources */ = {isa = PBXBuildFile; fileRef = 39D7F1501D88BFAF004E7781 /* Main.storyboard */; };
		39D7F1541D88BFAF004E7781 /* Assets.xcassets in Resources */ = {isa = PBXBuildFile; fileRef = 39D7F1531D88BFAF004E7781 /* Assets.xcassets */; };
		39D7F1571D88BFAF004E7781 /* LaunchScreen.storyboard in Resources */ = {isa = PBXBuildFile; fileRef = 39D7F1551D88BFAF004E7781 /* LaunchScreen.storyboard */; };
		39D7F1621D88BFAF004E7781 /* StoryBoardAutolayoutTests.m in Sources */ = {isa = PBXBuildFile; fileRef = 39D7F1611D88BFAF004E7781 /* StoryBoardAutolayoutTests.m */; };
		39D7F16D1D88BFAF004E7781 /* StoryBoardAutolayoutUITests.m in Sources */ = {isa = PBXBuildFile; fileRef = 39D7F16C1D88BFAF004E7781 /* StoryBoardAutolayoutUITests.m */; };
/* End PBXBuildFile section */

/* Begin PBXContainerItemProxy section */
		39D7F15E1D88BFAF004E7781 /* PBXContainerItemProxy */ = {
			isa = PBXContainerItemProxy;
			containerPortal = 39D7F13C1D88BFAF004E7781 /* Project object */;
			proxyType = 1;
			remoteGlobalIDString = 39D7F1431D88BFAF004E7781;
			remoteInfo = StoryBoardAutolayout;
		};
		39D7F1691D88BFAF004E7781 /* PBXContainerItemProxy */ = {
			isa = PBXContainerItemProxy;
			containerPortal = 39D7F13C1D88BFAF004E7781 /* Project object */;
			proxyType = 1;
			remoteGlobalIDString = 39D7F1431D88BFAF004E7781;
			remoteInfo = StoryBoardAutolayout;
		};
/* End PBXContainerItemProxy section */

/* Begin PBXFileReference section */
		39D7F1441D88BFAF004E7781 /* StoryBoardAutolayout.app */ = {isa = PBXFileReference; explicitFileType = wrapper.application; includeInIndex = 0; path = StoryBoardAutolayout.app; sourceTree = BUILT_PRODUCTS_DIR; };
		39D7F1481D88BFAF004E7781 /* main.m */ = {isa = PBXFileReference; lastKnownFileType = sourcecode.c.objc; path = main.m; sourceTree = "<group>"; };
		39D7F14A1D88BFAF004E7781 /* AppDelegate.h */ = {isa = PBXFileReference; lastKnownFileType = sourcecode.c.h; path = AppDelegate.h; sourceTree = "<group>"; };
		39D7F14B1D88BFAF004E7781 /* AppDelegate.m */ = {isa = PBXFileReference; lastKnownFileType = sourcecode.c.objc; path = AppDelegate.m; sourceTree = "<group>"; };
		39D7F14D1D88BFAF004E7781 /* ViewController.h */ = {isa = PBXFileReference; lastKnownFileType = sourcecode.c.h; path = ViewController.h; sourceTree = "<group>"; };
		39D7F14E1D88BFAF004E7781 /* ViewController.m */ = {isa = PBXFileReference; lastKnownFileType = sourcecode.c.objc; path = ViewController.m; sourceTree = "<group>"; };
		39D7F1511D88BFAF004E7781 /* Base */ = {isa = PBXFileReference; lastKnownFileType = file.storyboard; name = Base; path = Base.lproj/Main.storyboard; sourceTree = "<group>"; };
		39D7F1531D88BFAF004E7781 /* Assets.xcassets */ = {isa = PBXFileReference; lastKnownFileType = folder.assetcatalog; path = Assets.xcassets; sourceTree = "<group>"; };
		39D7F1561D88BFAF004E7781 /* Base */ = {isa = PBXFileReference; lastKnownFileType = file.storyboard; name = Base; path = Base.lproj/LaunchScreen.storyboard; sourceTree = "<group>"; };
		39D7F1581D88BFAF004E7781 /* Info.plist */ = {isa = PBXFileReference; lastKnownFileType = text.plist.xml; path = Info.plist; sourceTree = "<group>"; };
		39D7F15D1D88BFAF004E7781 /* StoryBoardAutolayoutTests.xctest */ = {isa = PBXFileReference; explicitFileType = wrapper.cfbundle; includeInIndex = 0; path = StoryBoardAutolayoutTests.xctest; sourceTree = BUILT_PRODUCTS_DIR; };
		39D7F1611D88BFAF004E7781 /* StoryBoardAutolayoutTests.m */ = {isa = PBXFileReference; lastKnownFileType = sourcecode.c.objc; path = StoryBoardAutolayoutTests.m; sourceTree = "<group>"; };
		39D7F1631D88BFAF004E7781 /* Info.plist */ = {isa = PBXFileReference; lastKnownFileType = text.plist.xml; path = Info.plist; sourceTree = "<group>"; };
		39D7F1681D88BFAF004E7781 /* StoryBoardAutolayoutUITests.xctest */ = {isa = PBXFileReference; explicitFileType = wrapper.cfbundle; includeInIndex = 0; path = StoryBoardAutolayoutUITests.xctest; sourceTree = BUILT_PRODUCTS_DIR; };
		39D7F16C1D88BFAF004E7781 /* StoryBoardAutolayoutUITests.m */ = {isa = PBXFileReference; lastKnownFileType = sourcecode.c.objc; path = StoryBoardAutolayoutUITests.m; sourceTree = "<group>"; };
		39D7F16E1D88BFAF004E7781 /* Info.plist */ = {isa = PBXFileReference; lastKnownFileType = text.plist.xml; path = Info.plist; sourceTree = "<group>"; };
/* End PBXFileReference section */

/* Begin PBXFrameworksBuildPhase section */
		39D7F1411D88BFAF004E7781 /* Frameworks */ = {
			isa = PBXFrameworksBuildPhase;
			buildActionMask = 2147483647;
			files = (
			);
			runOnlyForDeploymentPostprocessing = 0;
		};
		39D7F15A1D88BFAF004E7781 /* Frameworks */ = {
			isa = PBXFrameworksBuildPhase;
			buildActionMask = 2147483647;
			files = (
			);
			runOnlyForDeploymentPostprocessing = 0;
		};
		39D7F1651D88BFAF004E7781 /* Frameworks */ = {
			isa = PBXFrameworksBuildPhase;
			buildActionMask = 2147483647;
			files = (
			);
			runOnlyForDeploymentPostprocessing = 0;
		};
/* End PBXFrameworksBuildPhase section */

/* Begin PBXGroup section */
		39D7F13B1D88BFAF004E7781 = {
			isa = PBXGroup;
			children = (
				39D7F1461D88BFAF004E7781 /* StoryBoardAutolayout */,
				39D7F1601D88BFAF004E7781 /* StoryBoardAutolayoutTests */,
				39D7F16B1D88BFAF004E7781 /* StoryBoardAutolayoutUITests */,
				39D7F1451D88BFAF004E7781 /* Products */,
			);
			sourceTree = "<group>";
		};
		39D7F1451D88BFAF004E7781 /* Products */ = {
			isa = PBXGroup;
			children = (
				39D7F1441D88BFAF004E7781 /* StoryBoardAutolayout.app */,
				39D7F15D1D88BFAF004E7781 /* StoryBoardAutolayoutTests.xctest */,
				39D7F1681D88BFAF004E7781 /* StoryBoardAutolayoutUITests.xctest */,
			);
			name = Products;
			sourceTree = "<group>";
		};
		39D7F1461D88BFAF004E7781 /* StoryBoardAutolayout */ = {
			isa = PBXGroup;
			children = (
				39D7F14A1D88BFAF004E7781 /* AppDelegate.h */,
				39D7F14B1D88BFAF004E7781 /* AppDelegate.m */,
				39D7F14D1D88BFAF004E7781 /* ViewController.h */,
				39D7F14E1D88BFAF004E7781 /* ViewController.m */,
				39D7F1501D88BFAF004E7781 /* Main.storyboard */,
				39D7F1531D88BFAF004E7781 /* Assets.xcassets */,
				39D7F1551D88BFAF004E7781 /* LaunchScreen.storyboard */,
				39D7F1581D88BFAF004E7781 /* Info.plist */,
				39D7F1471D88BFAF004E7781 /* Supporting Files */,
			);
			path = StoryBoardAutolayout;
			sourceTree = "<group>";
		};
		39D7F1471D88BFAF004E7781 /* Supporting Files */ = {
			isa = PBXGroup;
			children = (
				39D7F1481D88BFAF004E7781 /* main.m */,
			);
			name = "Supporting Files";
			sourceTree = "<group>";
		};
		39D7F1601D88BFAF004E7781 /* StoryBoardAutolayoutTests */ = {
			isa = PBXGroup;
			children = (
				39D7F1611D88BFAF004E7781 /* StoryBoardAutolayoutTests.m */,
				39D7F1631D88BFAF004E7781 /* Info.plist */,
			);
			path = StoryBoardAutolayoutTests;
			sourceTree = "<group>";
		};
		39D7F16B1D88BFAF004E7781 /* StoryBoardAutolayoutUITests */ = {
			isa = PBXGroup;
			children = (
				39D7F16C1D88BFAF004E7781 /* StoryBoardAutolayoutUITests.m */,
				39D7F16E1D88BFAF004E7781 /* Info.plist */,
			);
			path = StoryBoardAutolayoutUITests;
			sourceTree = "<group>";
		};
/* End PBXGroup section */

/* Begin PBXNativeTarget section */
		39D7F1431D88BFAF004E7781 /* StoryBoardAutolayout */ = {
			isa = PBXNativeTarget;
			buildConfigurationList = 39D7F1711D88BFAF004E7781 /* Build configuration list for PBXNativeTarget "StoryBoardAutolayout" */;
			buildPhases = (
				39D7F1401D88BFAF004E7781 /* Sources */,
				39D7F1411D88BFAF004E7781 /* Frameworks */,
				39D7F1421D88BFAF004E7781 /* Resources */,
			);
			buildRules = (
			);
			dependencies = (
			);
			name = StoryBoardAutolayout;
			productName = StoryBoardAutolayout;
			productReference = 39D7F1441D88BFAF004E7781 /* StoryBoardAutolayout.app */;
			productType = "com.apple.product-type.application";
		};
		39D7F15C1D88BFAF004E7781 /* StoryBoardAutolayoutTests */ = {
			isa = PBXNativeTarget;
			buildConfigurationList = 39D7F1741D88BFAF004E7781 /* Build configuration list for PBXNativeTarget "StoryBoardAutolayoutTests" */;
			buildPhases = (
				39D7F1591D88BFAF004E7781 /* Sources */,
				39D7F15A1D88BFAF004E7781 /* Frameworks */,
				39D7F15B1D88BFAF004E7781 /* Resources */,
			);
			buildRules = (
			);
			dependencies = (
				39D7F15F1D88BFAF004E7781 /* PBXTargetDependency */,
			);
			name = StoryBoardAutolayoutTests;
			productName = StoryBoardAutolayoutTests;
			productReference = 39D7F15D1D88BFAF004E7781 /* StoryBoardAutolayoutTests.xctest */;
			productType = "com.apple.product-type.bundle.unit-test";
		};
		39D7F1671D88BFAF004E7781 /* StoryBoardAutolayoutUITests */ = {
			isa = PBXNativeTarget;
			buildConfigurationList = 39D7F1771D88BFAF004E7781 /* Build configuration list for PBXNativeTarget "StoryBoardAutolayoutUITests" */;
			buildPhases = (
				39D7F1641D88BFAF004E7781 /* Sources */,
				39D7F1651D88BFAF004E7781 /* Frameworks */,
				39D7F1661D88BFAF004E7781 /* Resources */,
			);
			buildRules = (
			);
			dependencies = (
				39D7F16A1D88BFAF004E7781 /* PBXTargetDependency */,
			);
			name = StoryBoardAutolayoutUITests;
			productName = StoryBoardAutolayoutUITests;
			productReference = 39D7F1681D88BFAF004E7781 /* StoryBoardAutolayoutUITests.xctest */;
			productType = "com.apple.product-type.bundle.ui-testing";
		};
/* End PBXNativeTarget section */

/* Begin PBXProject section */
		39D7F13C1D88BFAF004E7781 /* Project object */ = {
			isa = PBXProject;
			attributes = {
				LastUpgradeCheck = 0800;
				ORGANIZATIONNAME = "naomi schettini";
				TargetAttributes = {
					39D7F1431D88BFAF004E7781 = {
						CreatedOnToolsVersion = 8.0;
						ProvisioningStyle = Automatic;
					};
					39D7F15C1D88BFAF004E7781 = {
						CreatedOnToolsVersion = 8.0;
						ProvisioningStyle = Automatic;
						TestTargetID = 39D7F1431D88BFAF004E7781;
					};
					39D7F1671D88BFAF004E7781 = {
						CreatedOnToolsVersion = 8.0;
						ProvisioningStyle = Automatic;
						TestTargetID = 39D7F1431D88BFAF004E7781;
					};
				};
			};
			buildConfigurationList = 39D7F13F1D88BFAF004E7781 /* Build configuration list for PBXProject "StoryBoardAutolayout" */;
			compatibilityVersion = "Xcode 3.2";
			developmentRegion = English;
			hasScannedForEncodings = 0;
			knownRegions = (
				en,
				Base,
			);
			mainGroup = 39D7F13B1D88BFAF004E7781;
			productRefGroup = 39D7F1451D88BFAF004E7781 /* Products */;
			projectDirPath = "";
			projectRoot = "";
			targets = (
				39D7F1431D88BFAF004E7781 /* StoryBoardAutolayout */,
				39D7F15C1D88BFAF004E7781 /* StoryBoardAutolayoutTests */,
				39D7F1671D88BFAF004E7781 /* StoryBoardAutolayoutUITests */,
			);
		};
/* End PBXProject section */

/* Begin PBXResourcesBuildPhase section */
		39D7F1421D88BFAF004E7781 /* Resources */ = {
			isa = PBXResourcesBuildPhase;
			buildActionMask = 2147483647;
			files = (
				39D7F1571D88BFAF004E7781 /* LaunchScreen.storyboard in Resources */,
				39D7F1541D88BFAF004E7781 /* Assets.xcassets in Resources */,
				39D7F1521D88BFAF004E7781 /* Main.storyboard in Resources */,
			);
			runOnlyForDeploymentPostprocessing = 0;
		};
		39D7F15B1D88BFAF004E7781 /* Resources */ = {
			isa = PBXResourcesBuildPhase;
			buildActionMask = 2147483647;
			files = (
			);
			runOnlyForDeploymentPostprocessing = 0;
		};
		39D7F1661D88BFAF004E7781 /* Resources */ = {
			isa = PBXResourcesBuildPhase;
			buildActionMask = 2147483647;
			files = (
			);
			runOnlyForDeploymentPostprocessing = 0;
		};
/* End PBXResourcesBuildPhase section */

/* Begin PBXSourcesBuildPhase section */
		39D7F1401D88BFAF004E7781 /* Sources */ = {
			isa = PBXSourcesBuildPhase;
			buildActionMask = 2147483647;
			files = (
				39D7F14F1D88BFAF004E7781 /* ViewController.m in Sources */,
				39D7F14C1D88BFAF004E7781 /* AppDelegate.m in Sources */,
				39D7F1491D88BFAF004E7781 /* main.m in Sources */,
			);
			runOnlyForDeploymentPostprocessing = 0;
		};
		39D7F1591D88BFAF004E7781 /* Sources */ = {
			isa = PBXSourcesBuildPhase;
			buildActionMask = 2147483647;
			files = (
				39D7F1621D88BFAF004E7781 /* StoryBoardAutolayoutTests.m in Sources */,
			);
			runOnlyForDeploymentPostprocessing = 0;
		};
		39D7F1641D88BFAF004E7781 /* Sources */ = {
			isa = PBXSourcesBuildPhase;
			buildActionMask = 2147483647;
			files = (
				39D7F16D1D88BFAF004E7781 /* StoryBoardAutolayoutUITests.m in Sources */,
			);
			runOnlyForDeploymentPostprocessing = 0;
		};
/* End PBXSourcesBuildPhase section */

/* Begin PBXTargetDependency section */
		39D7F15F1D88BFAF004E7781 /* PBXTargetDependency */ = {
			isa = PBXTargetDependency;
			target = 39D7F1431D88BFAF004E7781 /* StoryBoardAutolayout */;
			targetProxy = 39D7F15E1D88BFAF004E7781 /* PBXContainerItemProxy */;
		};
		39D7F16A1D88BFAF004E7781 /* PBXTargetDependency */ = {
			isa = PBXTargetDependency;
			target = 39D7F1431D88BFAF004E7781 /* StoryBoardAutolayout */;
			targetProxy = 39D7F1691D88BFAF004E7781 /* PBXContainerItemProxy */;
		};
/* End PBXTargetDependency section */

/* Begin PBXVariantGroup section */
		39D7F1501D88BFAF004E7781 /* Main.storyboard */ = {
			isa = PBXVariantGroup;
			children = (
				39D7F1511D88BFAF004E7781 /* Base */,
			);
			name = Main.storyboard;
			sourceTree = "<group>";
		};
		39D7F1551D88BFAF004E7781 /* LaunchScreen.storyboard */ = {
			isa = PBXVariantGroup;
			children = (
				39D7F1561D88BFAF004E7781 /* Base */,
			);
			name = LaunchScreen.storyboard;
			sourceTree = "<group>";
		};
/* End PBXVariantGroup section */

/* Begin XCBuildConfiguration section */
		39D7F16F1D88BFAF004E7781 /* Debug */ = {
			isa = XCBuildConfiguration;
			buildSettings = {
				ALWAYS_SEARCH_USER_PATHS = NO;
				CLANG_ANALYZER_NONNULL = YES;
				CLANG_CXX_LANGUAGE_STANDARD = "gnu++0x";
				CLANG_CXX_LIBRARY = "libc++";
				CLANG_ENABLE_MODULES = YES;
				CLANG_ENABLE_OBJC_ARC = YES;
				CLANG_WARN_BOOL_CONVERSION = YES;
				CLANG_WARN_CONSTANT_CONVERSION = YES;
				CLANG_WARN_DIRECT_OBJC_ISA_USAGE = YES_ERROR;
				CLANG_WARN_DOCUMENTATION_COMMENTS = YES;
				CLANG_WARN_EMPTY_BODY = YES;
				CLANG_WARN_ENUM_CONVERSION = YES;
				CLANG_WARN_INFINITE_RECURSION = YES;
				CLANG_WARN_INT_CONVERSION = YES;
				CLANG_WARN_OBJC_ROOT_CLASS = YES_ERROR;
				CLANG_WARN_SUSPICIOUS_MOVES = YES;
				CLANG_WARN_UNREACHABLE_CODE = YES;
				CLANG_WARN__DUPLICATE_METHOD_MATCH = YES;
				"CODE_SIGN_IDENTITY[sdk=iphoneos*]" = "iPhone Developer";
				COPY_PHASE_STRIP = NO;
				DEBUG_INFORMATION_FORMAT = dwarf;
				ENABLE_STRICT_OBJC_MSGSEND = YES;
				ENABLE_TESTABILITY = YES;
				GCC_C_LANGUAGE_STANDARD = gnu99;
				GCC_DYNAMIC_NO_PIC = NO;
				GCC_NO_COMMON_BLOCKS = YES;
				GCC_OPTIMIZATION_LEVEL = 0;
				GCC_PREPROCESSOR_DEFINITIONS = (
					"DEBUG=1",
					"$(inherited)",
				);
				GCC_WARN_64_TO_32_BIT_CONVERSION = YES;
				GCC_WARN_ABOUT_RETURN_TYPE = YES_ERROR;
				GCC_WARN_UNDECLARED_SELECTOR = YES;
				GCC_WARN_UNINITIALIZED_AUTOS = YES_AGGRESSIVE;
				GCC_WARN_UNUSED_FUNCTION = YES;
				GCC_WARN_UNUSED_VARIABLE = YES;
				IPHONEOS_DEPLOYMENT_TARGET = 10.0;
				MTL_ENABLE_DEBUG_INFO = YES;
				ONLY_ACTIVE_ARCH = YES;
				SDKROOT = iphoneos;
			};
			name = Debug;
		};
		39D7F1701D88BFAF004E7781 /* Release */ = {
			isa = XCBuildConfiguration;
			buildSettings = {
				ALWAYS_SEARCH_USER_PATHS = NO;
				CLANG_ANALYZER_NONNULL = YES;
				CLANG_CXX_LANGUAGE_STANDARD = "gnu++0x";
				CLANG_CXX_LIBRARY = "libc++";
				CLANG_ENABLE_MODULES = YES;
				CLANG_ENABLE_OBJC_ARC = YES;
				CLANG_WARN_BOOL_CONVERSION = YES;
				CLANG_WARN_CONSTANT_CONVERSION = YES;
				CLANG_WARN_DIRECT_OBJC_ISA_USAGE = YES_ERROR;
				CLANG_WARN_DOCUMENTATION_COMMENTS = YES;
				CLANG_WARN_EMPTY_BODY = YES;
				CLANG_WARN_ENUM_CONVERSION = YES;
				CLANG_WARN_INFINITE_RECURSION = YES;
				CLANG_WARN_INT_CONVERSION = YES;
				CLANG_WARN_OBJC_ROOT_CLASS = YES_ERROR;
				CLANG_WARN_SUSPICIOUS_MOVES = YES;
				CLANG_WARN_UNREACHABLE_CODE = YES;
				CLANG_WARN__DUPLICATE_METHOD_MATCH = YES;
				"CODE_SIGN_IDENTITY[sdk=iphoneos*]" = "iPhone Developer";
				COPY_PHASE_STRIP = NO;
				DEBUG_INFORMATION_FORMAT = "dwarf-with-dsym";
				ENABLE_NS_ASSERTIONS = NO;
				ENABLE_STRICT_OBJC_MSGSEND = YES;
				GCC_C_LANGUAGE_STANDARD = gnu99;
				GCC_NO_COMMON_BLOCKS = YES;
				GCC_WARN_64_TO_32_BIT_CONVERSION = YES;
				GCC_WARN_ABOUT_RETURN_TYPE = YES_ERROR;
				GCC_WARN_UNDECLARED_SELECTOR = YES;
				GCC_WARN_UNINITIALIZED_AUTOS = YES_AGGRESSIVE;
				GCC_WARN_UNUSED_FUNCTION = YES;
				GCC_WARN_UNUSED_VARIABLE = YES;
				IPHONEOS_DEPLOYMENT_TARGET = 10.0;
				MTL_ENABLE_DEBUG_INFO = NO;
				SDKROOT = iphoneos;
				VALIDATE_PRODUCT = YES;
			};
			name = Release;
		};
		39D7F1721D88BFAF004E7781 /* Debug */ = {
			isa = XCBuildConfiguration;
			buildSettings = {
				ASSETCATALOG_COMPILER_APPICON_NAME = AppIcon;
				INFOPLIST_FILE = StoryBoardAutolayout/Info.plist;
				LD_RUNPATH_SEARCH_PATHS = "$(inherited) @executable_path/Frameworks";
				PRODUCT_BUNDLE_IDENTIFIER = com.naomischettini.list.StoryBoardAutolayout;
				PRODUCT_NAME = "$(TARGET_NAME)";
			};
			name = Debug;
		};
		39D7F1731D88BFAF004E7781 /* Release */ = {
			isa = XCBuildConfiguration;
			buildSettings = {
				ASSETCATALOG_COMPILER_APPICON_NAME = AppIcon;
				INFOPLIST_FILE = StoryBoardAutolayout/Info.plist;
				LD_RUNPATH_SEARCH_PATHS = "$(inherited) @executable_path/Frameworks";
				PRODUCT_BUNDLE_IDENTIFIER = com.naomischettini.list.StoryBoardAutolayout;
				PRODUCT_NAME = "$(TARGET_NAME)";
			};
			name = Release;
		};
		39D7F1751D88BFAF004E7781 /* Debug */ = {
			isa = XCBuildConfiguration;
			buildSettings = {
				BUNDLE_LOADER = "$(TEST_HOST)";
				INFOPLIST_FILE = StoryBoardAutolayoutTests/Info.plist;
				LD_RUNPATH_SEARCH_PATHS = "$(inherited) @executable_path/Frameworks @loader_path/Frameworks";
				PRODUCT_BUNDLE_IDENTIFIER = com.naomischettini.list.StoryBoardAutolayoutTests;
				PRODUCT_NAME = "$(TARGET_NAME)";
				TEST_HOST = "$(BUILT_PRODUCTS_DIR)/StoryBoardAutolayout.app/StoryBoardAutolayout";
			};
			name = Debug;
		};
		39D7F1761D88BFAF004E7781 /* Release */ = {
			isa = XCBuildConfiguration;
			buildSettings = {
				BUNDLE_LOADER = "$(TEST_HOST)";
				INFOPLIST_FILE = StoryBoardAutolayoutTests/Info.plist;
				LD_RUNPATH_SEARCH_PATHS = "$(inherited) @executable_path/Frameworks @loader_path/Frameworks";
				PRODUCT_BUNDLE_IDENTIFIER = com.naomischettini.list.StoryBoardAutolayoutTests;
				PRODUCT_NAME = "$(TARGET_NAME)";
				TEST_HOST = "$(BUILT_PRODUCTS_DIR)/StoryBoardAutolayout.app/StoryBoardAutolayout";
			};
			name = Release;
		};
		39D7F1781D88BFAF004E7781 /* Debug */ = {
			isa = XCBuildConfiguration;
			buildSettings = {
				INFOPLIST_FILE = StoryBoardAutolayoutUITests/Info.plist;
				LD_RUNPATH_SEARCH_PATHS = "$(inherited) @executable_path/Frameworks @loader_path/Frameworks";
				PRODUCT_BUNDLE_IDENTIFIER = com.naomischettini.list.StoryBoardAutolayoutUITests;
				PRODUCT_NAME = "$(TARGET_NAME)";
				TEST_TARGET_NAME = StoryBoardAutolayout;
			};
			name = Debug;
		};
		39D7F1791D88BFAF004E7781 /* Release */ = {
			isa = XCBuildConfiguration;
			buildSettings = {
				INFOPLIST_FILE = StoryBoardAutolayoutUITests/Info.plist;
				LD_RUNPATH_SEARCH_PATHS = "$(inherited) @executable_path/Frameworks @loader_path/Frameworks";
				PRODUCT_BUNDLE_IDENTIFIER = com.naomischettini.list.StoryBoardAutolayoutUITests;
				PRODUCT_NAME = "$(TARGET_NAME)";
				TEST_TARGET_NAME = StoryBoardAutolayout;
			};
			name = Release;
		};
/* End XCBuildConfiguration section */

/* Begin XCConfigurationList section */
		39D7F13F1D88BFAF004E7781 /* Build configuration list for PBXProject "StoryBoardAutolayout" */ = {
			isa = XCConfigurationList;
			buildConfigurations = (
				39D7F16F1D88BFAF004E7781 /* Debug */,
				39D7F1701D88BFAF004E7781 /* Release */,
			);
			defaultConfigurationIsVisible = 0;
			defaultConfigurationName = Release;
		};
		39D7F1711D88BFAF004E7781 /* Build configuration list for PBXNativeTarget "StoryBoardAutolayout" */ = {
			isa = XCConfigurationList;
			buildConfigurations = (
				39D7F1721D88BFAF004E7781 /* Debug */,
				39D7F1731D88BFAF004E7781 /* Release */,
			);
			defaultConfigurationIsVisible = 0;
		};
		39D7F1741D88BFAF004E7781 /* Build configuration list for PBXNativeTarget "StoryBoardAutolayoutTests" */ = {
			isa = XCConfigurationList;
			buildConfigurations = (
				39D7F1751D88BFAF004E7781 /* Debug */,
				39D7F1761D88BFAF004E7781 /* Release */,
			);
			defaultConfigurationIsVisible = 0;
		};
		39D7F1771D88BFAF004E7781 /* Build configuration list for PBXNativeTarget "StoryBoardAutolayoutUITests" */ = {
			isa = XCConfigurationList;
			buildConfigurations = (
				39D7F1781D88BFAF004E7781 /* Debug */,
				39D7F1791D88BFAF004E7781 /* Release */,
			);
			defaultConfigurationIsVisible = 0;
		};
/* End XCConfigurationList section */
	};
	rootObject = 39D7F13C1D88BFAF004E7781 /* Project object */;
}
